
Microsoft Visual Studio Solution File, Format Version 12.00
# Visual Studio Version 17
VisualStudioVersion = 17.8.34330.188
MinimumVisualStudioVersion = 10.0.40219.1
Project("{9A19103F-16F7-4668-BE54-9A1E7A4F7556}") = "ToDoListAPI", "ToDoListAPI\ToDoListAPI.csproj", "{A839BB1E-D7A2-4B09-9AFE-CCAFD1DBCCB3}"
EndProject
Project("{FAE04EC0-301F-11D3-BF4B-00C04F79EFBC}") = "ToDoListAPI.UnitTests", "ToDoListAPI.UnitTests\ToDoListAPI.UnitTests.csproj", "{28E1F8D4-F801-4370-A74E-0AD60875272F}"
EndProject
Global
	GlobalSection(SolutionConfigurationPlatforms) = preSolution
		Debug|Any CPU = Debug|Any CPU
		Release|Any CPU = Release|Any CPU
	EndGlobalSection
	GlobalSection(ProjectConfigurationPlatforms) = postSolution
		{A839BB1E-D7A2-4B09-9AFE-CCAFD1DBCCB3}.Debug|Any CPU.ActiveCfg = Debug|Any CPU
		{A839BB1E-D7A2-4B09-9AFE-CCAFD1DBCCB3}.Debug|Any CPU.Build.0 = Debug|Any CPU
		{A839BB1E-D7A2-4B09-9AFE-CCAFD1DBCCB3}.Release|Any CPU.ActiveCfg = Release|Any CPU
		{A839BB1E-D7A2-4B09-9AFE-CCAFD1DBCCB3}.Release|Any CPU.Build.0 = Release|Any CPU
		{28E1F8D4-F801-4370-A74E-0AD60875272F}.Debug|Any CPU.ActiveCfg = Debug|Any CPU
		{28E1F8D4-F801-4370-A74E-0AD60875272F}.Debug|Any CPU.Build.0 = Debug|Any CPU
		{28E1F8D4-F801-4370-A74E-0AD60875272F}.Release|Any CPU.ActiveCfg = Release|Any CPU
		{28E1F8D4-F801-4370-A74E-0AD60875272F}.Release|Any CPU.Build.0 = Release|Any CPU
	EndGlobalSection
	GlobalSection(SolutionProperties) = preSolution
		HideSolutionNode = FALSE
	EndGlobalSection
	GlobalSection(ExtensibilityGlobals) = postSolution
		SolutionGuid = {D7618860-57E9-4E92-B2F7-EB9FA129B4A4}
	EndGlobalSection
EndGlobal
